
Microsoft Visual Studio Solution File, Format Version 12.00
# Visual Studio Version 17
VisualStudioVersion = 17.8.34330.188
MinimumVisualStudioVersion = 10.0.40219.1
Project("{FAE04EC0-301F-11D3-BF4B-00C04F79EFBC}") = "TestTask", "TestTask.csproj", "{9FE94CF7-B000-4300-A9BD-767350D1AA62}"
EndProject
Global
	GlobalSection(SolutionConfigurationPlatforms) = preSolution
		Debug|Any CPU = Debug|Any CPU
		Release|Any CPU = Release|Any CPU
	EndGlobalSection
	GlobalSection(ProjectConfigurationPlatforms) = postSolution
		{9FE94CF7-B000-4300-A9BD-767350D1AA62}.Debug|Any CPU.ActiveCfg = Debug|Any CPU
		{9FE94CF7-B000-4300-A9BD-767350D1AA62}.Debug|Any CPU.Build.0 = Debug|Any CPU
		{9FE94CF7-B000-4300-A9BD-767350D1AA62}.Release|Any CPU.ActiveCfg = Release|Any CPU
		{9FE94CF7-B000-4300-A9BD-767350D1AA62}.Release|Any CPU.Build.0 = Release|Any CPU
	EndGlobalSection
	GlobalSection(SolutionProperties) = preSolution
		HideSolutionNode = FALSE
	EndGlobalSection
	GlobalSection(ExtensibilityGlobals) = postSolution
		SolutionGuid = {31B7D6ED-3A40-4994-9BC8-23828B0E6125}
	EndGlobalSection
EndGlobal
